// !$*UTF8*$!
{
	archiveVersion = 1;
	classes = {
	};
	objectVersion = 77;
	objects = {

/* Begin PBXBuildFile section */
		02F0E9BEAD32CA9DA1E5C663 /* AudioRouteSupport.swift in Sources */ = {isa = PBXBuildFile; fileRef = 5E97A1EAC1892E6B4B0CF835 /* AudioRouteSupport.swift */; };
		0B002F5899C697169AAF9980 /* MembershipStore.swift in Sources */ = {isa = PBXBuildFile; fileRef = A88DC913DA980012380DF886 /* MembershipStore.swift */; };
		1B6B97C4544CB7FFE44EE7CA /* Localizable.strings in Resources */ = {isa = PBXBuildFile; fileRef = F8C7FF1F26DAFFEAE0BB4348 /* Localizable.strings */; };
		2378F18346647D06405318FB /* CalibrationProfile.swift in Sources */ = {isa = PBXBuildFile; fileRef = 05CBBFF1A5C78C9E12EE2C42 /* CalibrationProfile.swift */; };
		281EFF70030127822D37CAE5 /* FrequencyStepCatalog.swift in Sources */ = {isa = PBXBuildFile; fileRef = B52EBD4F0AF0661AA4B2CAB9 /* FrequencyStepCatalog.swift */; };
		32B849A96EEEB68920D5B667 /* AudioEngineController.swift in Sources */ = {isa = PBXBuildFile; fileRef = 22A5998912B2BAB3D7CB1E23 /* AudioEngineController.swift */; };
		3D4FFBEC8586F20898A445B1 /* NoisePageView.swift in Sources */ = {isa = PBXBuildFile; fileRef = 5CAA4B40388F817B0A3B0848 /* NoisePageView.swift */; };
		3F39E8BFD81E2A8A17646FE1 /* AudioFunctionGeneratorApp.swift in Sources */ = {isa = PBXBuildFile; fileRef = FB6EF56CBCE0845FD03C4AA7 /* AudioFunctionGeneratorApp.swift */; };
		47810C831D07034B1CD9E73D /* MembershipViews.swift in Sources */ = {isa = PBXBuildFile; fileRef = ABD056E2683AFFA5D257E017 /* MembershipViews.swift */; };
		47F36291142A8289E50651BA /* AcousticTheme.swift in Sources */ = {isa = PBXBuildFile; fileRef = D68C042EC1A8CE02C1C31544 /* AcousticTheme.swift */; };
		4EB8E762C1EF38DD5EC0ED4B /* AppTheme.swift in Sources */ = {isa = PBXBuildFile; fileRef = FFCDBD69DCBE012D2EBBE788 /* AppTheme.swift */; };
		511D3D406CFA4BF847ABDB26 /* SweepPageView.swift in Sources */ = {isa = PBXBuildFile; fileRef = 0967EBE35C57B0C5789C0E4A /* SweepPageView.swift */; };
		550CF32A6A1F0DDCD76DF6CD /* FrequencyFormatting.swift in Sources */ = {isa = PBXBuildFile; fileRef = 99694741D0827045A82BD4A3 /* FrequencyFormatting.swift */; };
		6347CE84F8595E77EF20858E /* AppUIComponents.swift in Sources */ = {isa = PBXBuildFile; fileRef = 29A1D4E3D6A0B3A709AEA004 /* AppUIComponents.swift */; };
		698C17FC38B8E5E659B7154E /* AudioEngineControllerSupportTypes.swift in Sources */ = {isa = PBXBuildFile; fileRef = 6260F53D002042B0495B1E05 /* AudioEngineControllerSupportTypes.swift */; };
		6A7BA3D418FC8610F5B9605B /* AudioCalibrationSupport.swift in Sources */ = {isa = PBXBuildFile; fileRef = 485ACF78A024AE55E57A3641 /* AudioCalibrationSupport.swift */; };
		817A3FB99BF50BBD77190091 /* PresetsPageView.swift in Sources */ = {isa = PBXBuildFile; fileRef = 0567973F9C25D2C7DB1B7701 /* PresetsPageView.swift */; };
		8437E2ECBBAC1258BCD4CABC /* AudioSignalMath.swift in Sources */ = {isa = PBXBuildFile; fileRef = 2C2D820F5AEC4A68F9F3301C /* AudioSignalMath.swift */; };
		8A09A042F09690787629640C /* AcousticControls.swift in Sources */ = {isa = PBXBuildFile; fileRef = 18F0E731693D316CB2366240 /* AcousticControls.swift */; };
		AB3AAF3E9FF749C776BE1197 /* Assets.xcassets in Resources */ = {isa = PBXBuildFile; fileRef = 5A153A6425C67980A0D1A51B /* Assets.xcassets */; };
		B35033D9B69515C356C0DD21 /* SettingsPageView.swift in Sources */ = {isa = PBXBuildFile; fileRef = 025F51080F34FB8FF925DA77 /* SettingsPageView.swift */; };
		B49BF268D279E055A672C4E8 /* AppPreset.swift in Sources */ = {isa = PBXBuildFile; fileRef = B73D581887993A1161831B7D /* AppPreset.swift */; };
		BAE16667F4C7B6F48AD857E3 /* AppViewTypes.swift in Sources */ = {isa = PBXBuildFile; fileRef = C1B068D120B2D94B817778DF /* AppViewTypes.swift */; };
		CB4A280DC366FF48C6899019 /* ContentView.swift in Sources */ = {isa = PBXBuildFile; fileRef = A4E04E01DE36F01FCA9F5938 /* ContentView.swift */; };
		DCE2DECDA0EE53B48E42235F /* TonePageView.swift in Sources */ = {isa = PBXBuildFile; fileRef = 0CF51A30E7AF18FA394B786D /* TonePageView.swift */; };
		E0D4EEA163215D3AE042775D /* PrivacyInfo.xcprivacy in Resources */ = {isa = PBXBuildFile; fileRef = 3A4E989DE58B9AB1B7525502 /* PrivacyInfo.xcprivacy */; };
		F3B74538485AD354EFED1422 /* InfoPlist.strings in Resources */ = {isa = PBXBuildFile; fileRef = FC36DF61A384670228E47B8D /* InfoPlist.strings */; };
		F8D4975689FC100E3A481DCF /* AcousticAdvancedUI.swift in Sources */ = {isa = PBXBuildFile; fileRef = 525D9D268E7B892CDDD9FAD5 /* AcousticAdvancedUI.swift */; };
/* End PBXBuildFile section */

/* Begin PBXFileReference section */
		025F51080F34FB8FF925DA77 /* SettingsPageView.swift */ = {isa = PBXFileReference; lastKnownFileType = sourcecode.swift; path = SettingsPageView.swift; sourceTree = "<group>"; };
		0567973F9C25D2C7DB1B7701 /* PresetsPageView.swift */ = {isa = PBXFileReference; lastKnownFileType = sourcecode.swift; path = PresetsPageView.swift; sourceTree = "<group>"; };
		05CBBFF1A5C78C9E12EE2C42 /* CalibrationProfile.swift */ = {isa = PBXFileReference; lastKnownFileType = sourcecode.swift; path = CalibrationProfile.swift; sourceTree = "<group>"; };
		0967EBE35C57B0C5789C0E4A /* SweepPageView.swift */ = {isa = PBXFileReference; lastKnownFileType = sourcecode.swift; path = SweepPageView.swift; sourceTree = "<group>"; };
		0CF51A30E7AF18FA394B786D /* TonePageView.swift */ = {isa = PBXFileReference; lastKnownFileType = sourcecode.swift; path = TonePageView.swift; sourceTree = "<group>"; };
		127494B39A551301B0B10B93 /* zh-Hans */ = {isa = PBXFileReference; lastKnownFileType = text.plist.strings; name = "zh-Hans"; path = "zh-Hans.lproj/InfoPlist.strings"; sourceTree = "<group>"; };
		18F0E731693D316CB2366240 /* AcousticControls.swift */ = {isa = PBXFileReference; lastKnownFileType = sourcecode.swift; path = AcousticControls.swift; sourceTree = "<group>"; };
		22443FD4E50DF62C9EFFB407 /* en */ = {isa = PBXFileReference; lastKnownFileType = text.plist.strings; name = en; path = en.lproj/InfoPlist.strings; sourceTree = "<group>"; };
		22A5998912B2BAB3D7CB1E23 /* AudioEngineController.swift */ = {isa = PBXFileReference; lastKnownFileType = sourcecode.swift; path = AudioEngineController.swift; sourceTree = "<group>"; };
		29A1D4E3D6A0B3A709AEA004 /* AppUIComponents.swift */ = {isa = PBXFileReference; lastKnownFileType = sourcecode.swift; path = AppUIComponents.swift; sourceTree = "<group>"; };
		2C2D820F5AEC4A68F9F3301C /* AudioSignalMath.swift */ = {isa = PBXFileReference; lastKnownFileType = sourcecode.swift; path = AudioSignalMath.swift; sourceTree = "<group>"; };
		3A4E989DE58B9AB1B7525502 /* PrivacyInfo.xcprivacy */ = {isa = PBXFileReference; path = PrivacyInfo.xcprivacy; sourceTree = "<group>"; };
		485ACF78A024AE55E57A3641 /* AudioCalibrationSupport.swift */ = {isa = PBXFileReference; lastKnownFileType = sourcecode.swift; path = AudioCalibrationSupport.swift; sourceTree = "<group>"; };
		525D9D268E7B892CDDD9FAD5 /* AcousticAdvancedUI.swift */ = {isa = PBXFileReference; lastKnownFileType = sourcecode.swift; path = AcousticAdvancedUI.swift; sourceTree = "<group>"; };
		5A153A6425C67980A0D1A51B /* Assets.xcassets */ = {isa = PBXFileReference; lastKnownFileType = folder.assetcatalog; path = Assets.xcassets; sourceTree = "<group>"; };
		5CAA4B40388F817B0A3B0848 /* NoisePageView.swift */ = {isa = PBXFileReference; lastKnownFileType = sourcecode.swift; path = NoisePageView.swift; sourceTree = "<group>"; };
		5E97A1EAC1892E6B4B0CF835 /* AudioRouteSupport.swift */ = {isa = PBXFileReference; lastKnownFileType = sourcecode.swift; path = AudioRouteSupport.swift; sourceTree = "<group>"; };
		6260F53D002042B0495B1E05 /* AudioEngineControllerSupportTypes.swift */ = {isa = PBXFileReference; lastKnownFileType = sourcecode.swift; path = AudioEngineControllerSupportTypes.swift; sourceTree = "<group>"; };
		99694741D0827045A82BD4A3 /* FrequencyFormatting.swift */ = {isa = PBXFileReference; lastKnownFileType = sourcecode.swift; path = FrequencyFormatting.swift; sourceTree = "<group>"; };
		9D863BA0CD2381F97EE0E5AA /* en */ = {isa = PBXFileReference; lastKnownFileType = text.plist.strings; name = en; path = en.lproj/Localizable.strings; sourceTree = "<group>"; };
		A4E04E01DE36F01FCA9F5938 /* ContentView.swift */ = {isa = PBXFileReference; lastKnownFileType = sourcecode.swift; path = ContentView.swift; sourceTree = "<group>"; };
		A680DA2311D7334BB6F1EF23 /* Info.plist */ = {isa = PBXFileReference; lastKnownFileType = text.plist; path = Info.plist; sourceTree = "<group>"; };
		A88DC913DA980012380DF886 /* MembershipStore.swift */ = {isa = PBXFileReference; lastKnownFileType = sourcecode.swift; path = MembershipStore.swift; sourceTree = "<group>"; };
		ABD056E2683AFFA5D257E017 /* MembershipViews.swift */ = {isa = PBXFileReference; lastKnownFileType = sourcecode.swift; path = MembershipViews.swift; sourceTree = "<group>"; };
		B52EBD4F0AF0661AA4B2CAB9 /* FrequencyStepCatalog.swift */ = {isa = PBXFileReference; lastKnownFileType = sourcecode.swift; path = FrequencyStepCatalog.swift; sourceTree = "<group>"; };
		B73D581887993A1161831B7D /* AppPreset.swift */ = {isa = PBXFileReference; lastKnownFileType = sourcecode.swift; path = AppPreset.swift; sourceTree = "<group>"; };
		C1B068D120B2D94B817778DF /* AppViewTypes.swift */ = {isa = PBXFileReference; lastKnownFileType = sourcecode.swift; path = AppViewTypes.swift; sourceTree = "<group>"; };
		D68C042EC1A8CE02C1C31544 /* AcousticTheme.swift */ = {isa = PBXFileReference; lastKnownFileType = sourcecode.swift; path = AcousticTheme.swift; sourceTree = "<group>"; };
		E9879F26062BCD5E868CA426 /* zh-Hans */ = {isa = PBXFileReference; lastKnownFileType = text.plist.strings; name = "zh-Hans"; path = "zh-Hans.lproj/Localizable.strings"; sourceTree = "<group>"; };
		F1BFF93C5C31A6CF5E6DA31C /* AudioFunctionGenerator.app */ = {isa = PBXFileReference; includeInIndex = 0; lastKnownFileType = wrapper.application; path = AudioFunctionGenerator.app; sourceTree = BUILT_PRODUCTS_DIR; };
		FB6EF56CBCE0845FD03C4AA7 /* AudioFunctionGeneratorApp.swift */ = {isa = PBXFileReference; lastKnownFileType = sourcecode.swift; path = AudioFunctionGeneratorApp.swift; sourceTree = "<group>"; };
		FFCDBD69DCBE012D2EBBE788 /* AppTheme.swift */ = {isa = PBXFileReference; lastKnownFileType = sourcecode.swift; path = AppTheme.swift; sourceTree = "<group>"; };
/* End PBXFileReference section */

/* Begin PBXGroup section */
		4B4BE9D1E2F707C70E31E784 = {
			isa = PBXGroup;
			children = (
				6172E739D6E7AC4370804F9A /* Resources */,
				DEB085FC4C5A7AFEBCA690E4 /* Sources */,
				7C9502FC9BC216723AC92E21 /* Products */,
			);
			sourceTree = "<group>";
		};
		6172E739D6E7AC4370804F9A /* Resources */ = {
			isa = PBXGroup;
			children = (
				5A153A6425C67980A0D1A51B /* Assets.xcassets */,
				3A4E989DE58B9AB1B7525502 /* PrivacyInfo.xcprivacy */,
				FC36DF61A384670228E47B8D /* InfoPlist.strings */,
				F8C7FF1F26DAFFEAE0BB4348 /* Localizable.strings */,
			);
			path = Resources;
			sourceTree = "<group>";
		};
		796FD6C2D51401095E4ADD6A /* Support */ = {
			isa = PBXGroup;
			children = (
				D68C042EC1A8CE02C1C31544 /* AcousticTheme.swift */,
				B73D581887993A1161831B7D /* AppPreset.swift */,
				FFCDBD69DCBE012D2EBBE788 /* AppTheme.swift */,
				05CBBFF1A5C78C9E12EE2C42 /* CalibrationProfile.swift */,
				99694741D0827045A82BD4A3 /* FrequencyFormatting.swift */,
				B52EBD4F0AF0661AA4B2CAB9 /* FrequencyStepCatalog.swift */,
				A88DC913DA980012380DF886 /* MembershipStore.swift */,
			);
			path = Support;
			sourceTree = "<group>";
		};
		7C9502FC9BC216723AC92E21 /* Products */ = {
			isa = PBXGroup;
			children = (
				F1BFF93C5C31A6CF5E6DA31C /* AudioFunctionGenerator.app */,
			);
			name = Products;
			sourceTree = "<group>";
		};
		AC19DBC19A7A9A5D1855E518 /* Engine */ = {
			isa = PBXGroup;
			children = (
				485ACF78A024AE55E57A3641 /* AudioCalibrationSupport.swift */,
				22A5998912B2BAB3D7CB1E23 /* AudioEngineController.swift */,
				6260F53D002042B0495B1E05 /* AudioEngineControllerSupportTypes.swift */,
				5E97A1EAC1892E6B4B0CF835 /* AudioRouteSupport.swift */,
				2C2D820F5AEC4A68F9F3301C /* AudioSignalMath.swift */,
			);
			path = Engine;
			sourceTree = "<group>";
		};
		BE4FF18AD7C5D834692E01F0 /* App */ = {
			isa = PBXGroup;
			children = (
				525D9D268E7B892CDDD9FAD5 /* AcousticAdvancedUI.swift */,
				18F0E731693D316CB2366240 /* AcousticControls.swift */,
				29A1D4E3D6A0B3A709AEA004 /* AppUIComponents.swift */,
				C1B068D120B2D94B817778DF /* AppViewTypes.swift */,
				FB6EF56CBCE0845FD03C4AA7 /* AudioFunctionGeneratorApp.swift */,
				A4E04E01DE36F01FCA9F5938 /* ContentView.swift */,
				A680DA2311D7334BB6F1EF23 /* Info.plist */,
				ABD056E2683AFFA5D257E017 /* MembershipViews.swift */,
				ED8A25266A510F0343C22A49 /* Pages */,
			);
			path = App;
			sourceTree = "<group>";
		};
		DEB085FC4C5A7AFEBCA690E4 /* Sources */ = {
			isa = PBXGroup;
			children = (
				BE4FF18AD7C5D834692E01F0 /* App */,
				AC19DBC19A7A9A5D1855E518 /* Engine */,
				796FD6C2D51401095E4ADD6A /* Support */,
			);
			path = Sources;
			sourceTree = "<group>";
		};
		ED8A25266A510F0343C22A49 /* Pages */ = {
			isa = PBXGroup;
			children = (
				5CAA4B40388F817B0A3B0848 /* NoisePageView.swift */,
				0567973F9C25D2C7DB1B7701 /* PresetsPageView.swift */,
				025F51080F34FB8FF925DA77 /* SettingsPageView.swift */,
				0967EBE35C57B0C5789C0E4A /* SweepPageView.swift */,
				0CF51A30E7AF18FA394B786D /* TonePageView.swift */,
			);
			path = Pages;
			sourceTree = "<group>";
		};
/* End PBXGroup section */

/* Begin PBXNativeTarget section */
		C8CE6F15E49F53BDB1FF3017 /* AudioFunctionGenerator */ = {
			isa = PBXNativeTarget;
			buildConfigurationList = C587C87E5F5239C8F7682A2F /* Build configuration list for PBXNativeTarget "AudioFunctionGenerator" */;
			buildPhases = (
				FDBF4F47658679E491471AAB /* Sources */,
				C9905ECFF917F1DEF61E4B16 /* Resources */,
			);
			buildRules = (
			);
			dependencies = (
			);
			name = AudioFunctionGenerator;
			packageProductDependencies = (
			);
			productName = AudioFunctionGenerator;
			productReference = F1BFF93C5C31A6CF5E6DA31C /* AudioFunctionGenerator.app */;
			productType = "com.apple.product-type.application";
		};
/* End PBXNativeTarget section */

/* Begin PBXProject section */
		15A2B8B865D7E7D453AACC0A /* Project object */ = {
			isa = PBXProject;
			attributes = {
				BuildIndependentTargetsInParallel = YES;
				LastUpgradeCheck = 1430;
				TargetAttributes = {
					C8CE6F15E49F53BDB1FF3017 = {
						DevelopmentTeam = 9SZ5257PF4;
						ProvisioningStyle = Automatic;
					};
				};
			};
			buildConfigurationList = 0CC7F77679088A2C3F31F54C /* Build configuration list for PBXProject "AudioFunctionGenerator" */;
			developmentRegion = en;
			hasScannedForEncodings = 0;
			knownRegions = (
				Base,
				en,
				"zh-Hans",
			);
			mainGroup = 4B4BE9D1E2F707C70E31E784;
			minimizedProjectReferenceProxies = 1;
			preferredProjectObjectVersion = 77;
			productRefGroup = 7C9502FC9BC216723AC92E21 /* Products */;
			projectDirPath = "";
			projectRoot = "";
			targets = (
				C8CE6F15E49F53BDB1FF3017 /* AudioFunctionGenerator */,
			);
		};
/* End PBXProject section */

/* Begin PBXResourcesBuildPhase section */
		C9905ECFF917F1DEF61E4B16 /* Resources */ = {
			isa = PBXResourcesBuildPhase;
			buildActionMask = 2147483647;
			files = (
				AB3AAF3E9FF749C776BE1197 /* Assets.xcassets in Resources */,
				F3B74538485AD354EFED1422 /* InfoPlist.strings in Resources */,
				1B6B97C4544CB7FFE44EE7CA /* Localizable.strings in Resources */,
				E0D4EEA163215D3AE042775D /* PrivacyInfo.xcprivacy in Resources */,
			);
			runOnlyForDeploymentPostprocessing = 0;
		};
/* End PBXResourcesBuildPhase section */

/* Begin PBXSourcesBuildPhase section */
		FDBF4F47658679E491471AAB /* Sources */ = {
			isa = PBXSourcesBuildPhase;
			buildActionMask = 2147483647;
			files = (
				F8D4975689FC100E3A481DCF /* AcousticAdvancedUI.swift in Sources */,
				8A09A042F09690787629640C /* AcousticControls.swift in Sources */,
				47F36291142A8289E50651BA /* AcousticTheme.swift in Sources */,
				B49BF268D279E055A672C4E8 /* AppPreset.swift in Sources */,
				4EB8E762C1EF38DD5EC0ED4B /* AppTheme.swift in Sources */,
				6347CE84F8595E77EF20858E /* AppUIComponents.swift in Sources */,
				BAE16667F4C7B6F48AD857E3 /* AppViewTypes.swift in Sources */,
				6A7BA3D418FC8610F5B9605B /* AudioCalibrationSupport.swift in Sources */,
				32B849A96EEEB68920D5B667 /* AudioEngineController.swift in Sources */,
				698C17FC38B8E5E659B7154E /* AudioEngineControllerSupportTypes.swift in Sources */,
				3F39E8BFD81E2A8A17646FE1 /* AudioFunctionGeneratorApp.swift in Sources */,
				02F0E9BEAD32CA9DA1E5C663 /* AudioRouteSupport.swift in Sources */,
				8437E2ECBBAC1258BCD4CABC /* AudioSignalMath.swift in Sources */,
				2378F18346647D06405318FB /* CalibrationProfile.swift in Sources */,
				CB4A280DC366FF48C6899019 /* ContentView.swift in Sources */,
				550CF32A6A1F0DDCD76DF6CD /* FrequencyFormatting.swift in Sources */,
				281EFF70030127822D37CAE5 /* FrequencyStepCatalog.swift in Sources */,
				0B002F5899C697169AAF9980 /* MembershipStore.swift in Sources */,
				47810C831D07034B1CD9E73D /* MembershipViews.swift in Sources */,
				3D4FFBEC8586F20898A445B1 /* NoisePageView.swift in Sources */,
				817A3FB99BF50BBD77190091 /* PresetsPageView.swift in Sources */,
				B35033D9B69515C356C0DD21 /* SettingsPageView.swift in Sources */,
				511D3D406CFA4BF847ABDB26 /* SweepPageView.swift in Sources */,
				DCE2DECDA0EE53B48E42235F /* TonePageView.swift in Sources */,
			);
			runOnlyForDeploymentPostprocessing = 0;
		};
/* End PBXSourcesBuildPhase section */

/* Begin PBXVariantGroup section */
		F8C7FF1F26DAFFEAE0BB4348 /* Localizable.strings */ = {
			isa = PBXVariantGroup;
			children = (
				9D863BA0CD2381F97EE0E5AA /* en */,
				E9879F26062BCD5E868CA426 /* zh-Hans */,
			);
			name = Localizable.strings;
			sourceTree = "<group>";
		};
		FC36DF61A384670228E47B8D /* InfoPlist.strings */ = {
			isa = PBXVariantGroup;
			children = (
				22443FD4E50DF62C9EFFB407 /* en */,
				127494B39A551301B0B10B93 /* zh-Hans */,
			);
			name = InfoPlist.strings;
			sourceTree = "<group>";
		};
/* End PBXVariantGroup section */

/* Begin XCBuildConfiguration section */
		2E1100E7DBB8CA8A97E4E899 /* Debug */ = {
			isa = XCBuildConfiguration;
			buildSettings = {
				ALWAYS_SEARCH_USER_PATHS = NO;
				CLANG_ANALYZER_NONNULL = YES;
				CLANG_ANALYZER_NUMBER_OBJECT_CONVERSION = YES_AGGRESSIVE;
				CLANG_CXX_LANGUAGE_STANDARD = "gnu++14";
				CLANG_CXX_LIBRARY = "libc++";
				CLANG_ENABLE_MODULES = YES;
				CLANG_ENABLE_OBJC_ARC = YES;
				CLANG_ENABLE_OBJC_WEAK = YES;
				CLANG_WARN_BLOCK_CAPTURE_AUTORELEASING = YES;
				CLANG_WARN_BOOL_CONVERSION = YES;
				CLANG_WARN_COMMA = YES;
				CLANG_WARN_CONSTANT_CONVERSION = YES;
				CLANG_WARN_DEPRECATED_OBJC_IMPLEMENTATIONS = YES;
				CLANG_WARN_DIRECT_OBJC_ISA_USAGE = YES_ERROR;
				CLANG_WARN_DOCUMENTATION_COMMENTS = YES;
				CLANG_WARN_EMPTY_BODY = YES;
				CLANG_WARN_ENUM_CONVERSION = YES;
				CLANG_WARN_INFINITE_RECURSION = YES;
				CLANG_WARN_INT_CONVERSION = YES;
				CLANG_WARN_NON_LITERAL_NULL_CONVERSION = YES;
				CLANG_WARN_OBJC_IMPLICIT_RETAIN_SELF = YES;
				CLANG_WARN_OBJC_LITERAL_CONVERSION = YES;
				CLANG_WARN_OBJC_ROOT_CLASS = YES_ERROR;
				CLANG_WARN_QUOTED_INCLUDE_IN_FRAMEWORK_HEADER = YES;
				CLANG_WARN_RANGE_LOOP_ANALYSIS = YES;
				CLANG_WARN_STRICT_PROTOTYPES = YES;
				CLANG_WARN_SUSPICIOUS_MOVE = YES;
				CLANG_WARN_UNGUARDED_AVAILABILITY = YES_AGGRESSIVE;
				CLANG_WARN_UNREACHABLE_CODE = YES;
				CLANG_WARN__DUPLICATE_METHOD_MATCH = YES;
				COPY_PHASE_STRIP = NO;
				CURRENT_PROJECT_VERSION = 4;
				DEBUG_INFORMATION_FORMAT = dwarf;
				DEVELOPMENT_TEAM = 9SZ5257PF4;
				ENABLE_STRICT_OBJC_MSGSEND = YES;
				ENABLE_TESTABILITY = YES;
				GCC_C_LANGUAGE_STANDARD = gnu11;
				GCC_DYNAMIC_NO_PIC = NO;
				GCC_NO_COMMON_BLOCKS = YES;
				GCC_OPTIMIZATION_LEVEL = 0;
				GCC_PREPROCESSOR_DEFINITIONS = (
					"$(inherited)",
					"DEBUG=1",
				);
				GCC_WARN_64_TO_32_BIT_CONVERSION = YES;
				GCC_WARN_ABOUT_RETURN_TYPE = YES_ERROR;
				GCC_WARN_UNDECLARED_SELECTOR = YES;
				GCC_WARN_UNINITIALIZED_AUTOS = YES_AGGRESSIVE;
				GCC_WARN_UNUSED_FUNCTION = YES;
				GCC_WARN_UNUSED_VARIABLE = YES;
				IPHONEOS_DEPLOYMENT_TARGET = 17.0;
				MARKETING_VERSION = 1.3;
				MTL_ENABLE_DEBUG_INFO = INCLUDE_SOURCE;
				MTL_FAST_MATH = YES;
				ONLY_ACTIVE_ARCH = YES;
				PRODUCT_BUNDLE_IDENTIFIER = com.phil.AcoustaLab;
				PRODUCT_NAME = "$(TARGET_NAME)";
				SDKROOT = iphoneos;
				SWIFT_ACTIVE_COMPILATION_CONDITIONS = DEBUG;
				SWIFT_OPTIMIZATION_LEVEL = "-Onone";
				SWIFT_VERSION = 5.0;
			};
			name = Debug;
		};
		780C149073A1B0F8D0AC4302 /* Release */ = {
			isa = XCBuildConfiguration;
			buildSettings = {
				ALWAYS_SEARCH_USER_PATHS = NO;
				CLANG_ANALYZER_NONNULL = YES;
				CLANG_ANALYZER_NUMBER_OBJECT_CONVERSION = YES_AGGRESSIVE;
				CLANG_CXX_LANGUAGE_STANDARD = "gnu++14";
				CLANG_CXX_LIBRARY = "libc++";
				CLANG_ENABLE_MODULES = YES;
				CLANG_ENABLE_OBJC_ARC = YES;
				CLANG_ENABLE_OBJC_WEAK = YES;
				CLANG_WARN_BLOCK_CAPTURE_AUTORELEASING = YES;
				CLANG_WARN_BOOL_CONVERSION = YES;
				CLANG_WARN_COMMA = YES;
				CLANG_WARN_CONSTANT_CONVERSION = YES;
				CLANG_WARN_DEPRECATED_OBJC_IMPLEMENTATIONS = YES;
				CLANG_WARN_DIRECT_OBJC_ISA_USAGE = YES_ERROR;
				CLANG_WARN_DOCUMENTATION_COMMENTS = YES;
				CLANG_WARN_EMPTY_BODY = YES;
				CLANG_WARN_ENUM_CONVERSION = YES;
				CLANG_WARN_INFINITE_RECURSION = YES;
				CLANG_WARN_INT_CONVERSION = YES;
				CLANG_WARN_NON_LITERAL_NULL_CONVERSION = YES;
				CLANG_WARN_OBJC_IMPLICIT_RETAIN_SELF = YES;
				CLANG_WARN_OBJC_LITERAL_CONVERSION = YES;
				CLANG_WARN_OBJC_ROOT_CLASS = YES_ERROR;
				CLANG_WARN_QUOTED_INCLUDE_IN_FRAMEWORK_HEADER = YES;
				CLANG_WARN_RANGE_LOOP_ANALYSIS = YES;
				CLANG_WARN_STRICT_PROTOTYPES = YES;
				CLANG_WARN_SUSPICIOUS_MOVE = YES;
				CLANG_WARN_UNGUARDED_AVAILABILITY = YES_AGGRESSIVE;
				CLANG_WARN_UNREACHABLE_CODE = YES;
				CLANG_WARN__DUPLICATE_METHOD_MATCH = YES;
				COPY_PHASE_STRIP = NO;
				CURRENT_PROJECT_VERSION = 4;
				DEBUG_INFORMATION_FORMAT = "dwarf-with-dsym";
				DEVELOPMENT_TEAM = 9SZ5257PF4;
				ENABLE_NS_ASSERTIONS = NO;
				ENABLE_STRICT_OBJC_MSGSEND = YES;
				GCC_C_LANGUAGE_STANDARD = gnu11;
				GCC_NO_COMMON_BLOCKS = YES;
				GCC_WARN_64_TO_32_BIT_CONVERSION = YES;
				GCC_WARN_ABOUT_RETURN_TYPE = YES_ERROR;
				GCC_WARN_UNDECLARED_SELECTOR = YES;
				GCC_WARN_UNINITIALIZED_AUTOS = YES_AGGRESSIVE;
				GCC_WARN_UNUSED_FUNCTION = YES;
				GCC_WARN_UNUSED_VARIABLE = YES;
				IPHONEOS_DEPLOYMENT_TARGET = 17.0;
				MARKETING_VERSION = 1.3;
				MTL_ENABLE_DEBUG_INFO = NO;
				MTL_FAST_MATH = YES;
				PRODUCT_BUNDLE_IDENTIFIER = com.phil.AcoustaLab;
				PRODUCT_NAME = "$(TARGET_NAME)";
				SDKROOT = iphoneos;
				SWIFT_COMPILATION_MODE = wholemodule;
				SWIFT_OPTIMIZATION_LEVEL = "-O";
				SWIFT_VERSION = 5.0;
			};
			name = Release;
		};
		A9935FD3E0624E2CE8D45F72 /* Debug */ = {
			isa = XCBuildConfiguration;
			buildSettings = {
				ASSETCATALOG_COMPILER_APPICON_NAME = AppIcon;
				CODE_SIGN_IDENTITY = "Apple Development";
				CODE_SIGN_STYLE = Automatic;
				GENERATE_INFOPLIST_FILE = NO;
				INFOPLIST_FILE = Sources/App/Info.plist;
				LD_RUNPATH_SEARCH_PATHS = (
					"$(inherited)",
					"@executable_path/Frameworks",
				);
				OTHER_LDFLAGS = "$(inherited)";
				PRODUCT_NAME = AudioFunctionGenerator;
				SDKROOT = iphoneos;
				SUPPORTS_MACCATALYST = NO;
				TARGETED_DEVICE_FAMILY = "1,2";
			};
			name = Debug;
		};
		E06516F275808CDBAB777232 /* Release */ = {
			isa = XCBuildConfiguration;
			buildSettings = {
				ASSETCATALOG_COMPILER_APPICON_NAME = AppIcon;
				CODE_SIGN_IDENTITY = "iPhone Developer";
				CODE_SIGN_STYLE = Automatic;
				GENERATE_INFOPLIST_FILE = NO;
				INFOPLIST_FILE = Sources/App/Info.plist;
				LD_RUNPATH_SEARCH_PATHS = (
					"$(inherited)",
					"@executable_path/Frameworks",
				);
				OTHER_LDFLAGS = "$(inherited)";
				PRODUCT_NAME = AudioFunctionGenerator;
				SDKROOT = iphoneos;
				SUPPORTS_MACCATALYST = NO;
				TARGETED_DEVICE_FAMILY = "1,2";
			};
			name = Release;
		};
/* End XCBuildConfiguration section */

/* Begin XCConfigurationList section */
		0CC7F77679088A2C3F31F54C /* Build configuration list for PBXProject "AudioFunctionGenerator" */ = {
			isa = XCConfigurationList;
			buildConfigurations = (
				2E1100E7DBB8CA8A97E4E899 /* Debug */,
				780C149073A1B0F8D0AC4302 /* Release */,
			);
			defaultConfigurationIsVisible = 0;
			defaultConfigurationName = Debug;
		};
		C587C87E5F5239C8F7682A2F /* Build configuration list for PBXNativeTarget "AudioFunctionGenerator" */ = {
			isa = XCConfigurationList;
			buildConfigurations = (
				A9935FD3E0624E2CE8D45F72 /* Debug */,
				E06516F275808CDBAB777232 /* Release */,
			);
			defaultConfigurationIsVisible = 0;
			defaultConfigurationName = Debug;
		};
/* End XCConfigurationList section */
	};
	rootObject = 15A2B8B865D7E7D453AACC0A /* Project object */;
}
